
Microsoft Visual Studio Solution File, Format Version 12.00
# Visual Studio Version 16
VisualStudioVersion = 16.0.31605.320
MinimumVisualStudioVersion = 10.0.40219.1
Project("{FAE04EC0-301F-11D3-BF4B-00C04F79EFBC}") = "SkinetAPI", "SkinetAPI\SkinetAPI.csproj", "{99681D42-CDBF-4294-A71C-CA6DB7192AD2}"
EndProject
Project("{FAE04EC0-301F-11D3-BF4B-00C04F79EFBC}") = "Core", "Core\Core.csproj", "{E780AF02-BC1F-4863-8EE7-E2D6699C3CFB}"
EndProject
Project("{FAE04EC0-301F-11D3-BF4B-00C04F79EFBC}") = "Infrastructure", "Infrastructure\Infrastructure.csproj", "{542BB3C1-52BE-4139-AB1E-DB49793852B5}"
EndProject
Global
	GlobalSection(SolutionConfigurationPlatforms) = preSolution
		Debug|Any CPU = Debug|Any CPU
		Release|Any CPU = Release|Any CPU
	EndGlobalSection
	GlobalSection(ProjectConfigurationPlatforms) = postSolution
		{99681D42-CDBF-4294-A71C-CA6DB7192AD2}.Debug|Any CPU.ActiveCfg = Debug|Any CPU
		{99681D42-CDBF-4294-A71C-CA6DB7192AD2}.Debug|Any CPU.Build.0 = Debug|Any CPU
		{99681D42-CDBF-4294-A71C-CA6DB7192AD2}.Release|Any CPU.ActiveCfg = Release|Any CPU
		{99681D42-CDBF-4294-A71C-CA6DB7192AD2}.Release|Any CPU.Build.0 = Release|Any CPU
		{E780AF02-BC1F-4863-8EE7-E2D6699C3CFB}.Debug|Any CPU.ActiveCfg = Debug|Any CPU
		{E780AF02-BC1F-4863-8EE7-E2D6699C3CFB}.Debug|Any CPU.Build.0 = Debug|Any CPU
		{E780AF02-BC1F-4863-8EE7-E2D6699C3CFB}.Release|Any CPU.ActiveCfg = Release|Any CPU
		{E780AF02-BC1F-4863-8EE7-E2D6699C3CFB}.Release|Any CPU.Build.0 = Release|Any CPU
		{542BB3C1-52BE-4139-AB1E-DB49793852B5}.Debug|Any CPU.ActiveCfg = Debug|Any CPU
		{542BB3C1-52BE-4139-AB1E-DB49793852B5}.Debug|Any CPU.Build.0 = Debug|Any CPU
		{542BB3C1-52BE-4139-AB1E-DB49793852B5}.Release|Any CPU.ActiveCfg = Release|Any CPU
		{542BB3C1-52BE-4139-AB1E-DB49793852B5}.Release|Any CPU.Build.0 = Release|Any CPU
	EndGlobalSection
	GlobalSection(SolutionProperties) = preSolution
		HideSolutionNode = FALSE
	EndGlobalSection
	GlobalSection(ExtensibilityGlobals) = postSolution
		SolutionGuid = {FC0E78F6-F0B7-4EE7-91D5-14A4E8021EC4}
	EndGlobalSection
EndGlobal
